
Microsoft Visual Studio Solution File, Format Version 12.00
# Visual Studio Version 16
VisualStudioVersion = 16.0.30114.105
MinimumVisualStudioVersion = 10.0.40219.1
Project("{FAE04EC0-301F-11D3-BF4B-00C04F79EFBC}") = "ECTD", "ECTD/ECTD.csproj", "{2C03D9C3-13E2-44A8-9934-F0FF92538C64}"
EndProject
Global
	GlobalSection(SolutionConfigurationPlatforms) = preSolution
		Debug|Any CPU = Debug|Any CPU
		Release|Any CPU = Release|Any CPU
	EndGlobalSection
	GlobalSection(ProjectConfigurationPlatforms) = postSolution
		{2C03D9C3-13E2-44A8-9934-F0FF92538C64}.Debug|Any CPU.ActiveCfg = Debug|Any CPU
		{2C03D9C3-13E2-44A8-9934-F0FF92538C64}.Debug|Any CPU.Build.0 = Debug|Any CPU
		{2C03D9C3-13E2-44A8-9934-F0FF92538C64}.Release|Any CPU.ActiveCfg = Release|Any CPU
		{2C03D9C3-13E2-44A8-9934-F0FF92538C64}.Release|Any CPU.Build.0 = Release|Any CPU
	EndGlobalSection
	GlobalSection(SolutionProperties) = preSolution
		HideSolutionNode = FALSE
	EndGlobalSection
	GlobalSection(ExtensibilityGlobals) = postSolution
		SolutionGuid = {0AE5CF31-D2F2-44EE-997C-B5BBA4C8AC65}
	EndGlobalSection
EndGlobal
